// !$*UTF8*$!
{
	archiveVersion = 1;
	classes = {
	};
	objectVersion = 77;
	objects = {

/* Begin PBXBuildFile section */
		D54D43032F92A06100549E65 /* InlineSnapshotTesting in Frameworks */ = {isa = PBXBuildFile; productRef = D54D43022F92A06100549E65 /* InlineSnapshotTesting */; };
		D54D43052F92A06100549E65 /* SnapshotTesting in Frameworks */ = {isa = PBXBuildFile; productRef = D54D43042F92A06100549E65 /* SnapshotTesting */; };
		D54D43072F92A06100549E65 /* SnapshotTestingCustomDump in Frameworks */ = {isa = PBXBuildFile; productRef = D54D43062F92A06100549E65 /* SnapshotTestingCustomDump */; };
		D59989602F8D261700A5FA2D /* ComposableArchitecture in Frameworks */ = {isa = PBXBuildFile; productRef = D599895F2F8D261700A5FA2D /* ComposableArchitecture */; };
/* End PBXBuildFile section */

/* Begin PBXContainerItemProxy section */
		D59989312F8D090600A5FA2D /* PBXContainerItemProxy */ = {
			isa = PBXContainerItemProxy;
			containerPortal = D599891B2F8D090400A5FA2D /* Project object */;
			proxyType = 1;
			remoteGlobalIDString = D59989222F8D090400A5FA2D;
			remoteInfo = ZadanieRekrutacyjneCOI;
		};
		D599893B2F8D090600A5FA2D /* PBXContainerItemProxy */ = {
			isa = PBXContainerItemProxy;
			containerPortal = D599891B2F8D090400A5FA2D /* Project object */;
			proxyType = 1;
			remoteGlobalIDString = D59989222F8D090400A5FA2D;
			remoteInfo = ZadanieRekrutacyjneCOI;
		};
/* End PBXContainerItemProxy section */

/* Begin PBXFileReference section */
		D59989232F8D090400A5FA2D /* ZadanieRekrutacyjneCOI.app */ = {isa = PBXFileReference; explicitFileType = wrapper.application; includeInIndex = 0; path = ZadanieRekrutacyjneCOI.app; sourceTree = BUILT_PRODUCTS_DIR; };
		D59989302F8D090600A5FA2D /* ZadanieRekrutacyjneCOITests.xctest */ = {isa = PBXFileReference; explicitFileType = wrapper.cfbundle; includeInIndex = 0; path = ZadanieRekrutacyjneCOITests.xctest; sourceTree = BUILT_PRODUCTS_DIR; };
		D599893A2F8D090600A5FA2D /* ZadanieRekrutacyjneCOIUITests.xctest */ = {isa = PBXFileReference; explicitFileType = wrapper.cfbundle; includeInIndex = 0; path = ZadanieRekrutacyjneCOIUITests.xctest; sourceTree = BUILT_PRODUCTS_DIR; };
/* End PBXFileReference section */

/* Begin PBXFileSystemSynchronizedRootGroup section */
		D59989252F8D090400A5FA2D /* ZadanieRekrutacyjneCOI */ = {
			isa = PBXFileSystemSynchronizedRootGroup;
			path = ZadanieRekrutacyjneCOI;
			sourceTree = "<group>";
		};
		D59989332F8D090600A5FA2D /* ZadanieRekrutacyjneCOITests */ = {
			isa = PBXFileSystemSynchronizedRootGroup;
			path = ZadanieRekrutacyjneCOITests;
			sourceTree = "<group>";
		};
/* End PBXFileSystemSynchronizedRootGroup section */

/* Begin PBXFrameworksBuildPhase section */
		D59989202F8D090400A5FA2D /* Frameworks */ = {
			isa = PBXFrameworksBuildPhase;
			buildActionMask = 2147483647;
			files = (
				D59989602F8D261700A5FA2D /* ComposableArchitecture in Frameworks */,
			);
			runOnlyForDeploymentPostprocessing = 0;
		};
		D599892D2F8D090600A5FA2D /* Frameworks */ = {
			isa = PBXFrameworksBuildPhase;
			buildActionMask = 2147483647;
			files = (
				D54D43072F92A06100549E65 /* SnapshotTestingCustomDump in Frameworks */,
				D54D43032F92A06100549E65 /* InlineSnapshotTesting in Frameworks */,
				D54D43052F92A06100549E65 /* SnapshotTesting in Frameworks */,
			);
			runOnlyForDeploymentPostprocessing = 0;
		};
		D59989372F8D090600A5FA2D /* Frameworks */ = {
			isa = PBXFrameworksBuildPhase;
			buildActionMask = 2147483647;
			files = (
			);
			runOnlyForDeploymentPostprocessing = 0;
		};
/* End PBXFrameworksBuildPhase section */

/* Begin PBXGroup section */
		D599891A2F8D090400A5FA2D = {
			isa = PBXGroup;
			children = (
				D59989252F8D090400A5FA2D /* ZadanieRekrutacyjneCOI */,
				D59989332F8D090600A5FA2D /* ZadanieRekrutacyjneCOITests */,
				D599895E2F8D261700A5FA2D /* Frameworks */,
				D59989242F8D090400A5FA2D /* Products */,
			);
			sourceTree = "<group>";
		};
		D59989242F8D090400A5FA2D /* Products */ = {
			isa = PBXGroup;
			children = (
				D59989232F8D090400A5FA2D /* ZadanieRekrutacyjneCOI.app */,
				D59989302F8D090600A5FA2D /* ZadanieRekrutacyjneCOITests.xctest */,
				D599893A2F8D090600A5FA2D /* ZadanieRekrutacyjneCOIUITests.xctest */,
			);
			name = Products;
			sourceTree = "<group>";
		};
		D599895E2F8D261700A5FA2D /* Frameworks */ = {
			isa = PBXGroup;
			children = (
			);
			name = Frameworks;
			sourceTree = "<group>";
		};
/* End PBXGroup section */

/* Begin PBXNativeTarget section */
		D59989222F8D090400A5FA2D /* ZadanieRekrutacyjneCOI */ = {
			isa = PBXNativeTarget;
			buildConfigurationList = D59989442F8D090600A5FA2D /* Build configuration list for PBXNativeTarget "ZadanieRekrutacyjneCOI" */;
			buildPhases = (
				D599891F2F8D090400A5FA2D /* Sources */,
				D59989202F8D090400A5FA2D /* Frameworks */,
				D59989212F8D090400A5FA2D /* Resources */,
			);
			buildRules = (
			);
			dependencies = (
			);
			fileSystemSynchronizedGroups = (
				D59989252F8D090400A5FA2D /* ZadanieRekrutacyjneCOI */,
			);
			name = ZadanieRekrutacyjneCOI;
			packageProductDependencies = (
				D599895F2F8D261700A5FA2D /* ComposableArchitecture */,
			);
			productName = ZadanieRekrutacyjneCOI;
			productReference = D59989232F8D090400A5FA2D /* ZadanieRekrutacyjneCOI.app */;
			productType = "com.apple.product-type.application";
		};
		D599892F2F8D090600A5FA2D /* ZadanieRekrutacyjneCOITests */ = {
			isa = PBXNativeTarget;
			buildConfigurationList = D59989472F8D090600A5FA2D /* Build configuration list for PBXNativeTarget "ZadanieRekrutacyjneCOITests" */;
			buildPhases = (
				D599892C2F8D090600A5FA2D /* Sources */,
				D599892D2F8D090600A5FA2D /* Frameworks */,
				D599892E2F8D090600A5FA2D /* Resources */,
			);
			buildRules = (
			);
			dependencies = (
				D59989322F8D090600A5FA2D /* PBXTargetDependency */,
			);
			fileSystemSynchronizedGroups = (
				D59989332F8D090600A5FA2D /* ZadanieRekrutacyjneCOITests */,
			);
			name = ZadanieRekrutacyjneCOITests;
			packageProductDependencies = (
				D54D43022F92A06100549E65 /* InlineSnapshotTesting */,
				D54D43042F92A06100549E65 /* SnapshotTesting */,
				D54D43062F92A06100549E65 /* SnapshotTestingCustomDump */,
			);
			productName = ZadanieRekrutacyjneCOITests;
			productReference = D59989302F8D090600A5FA2D /* ZadanieRekrutacyjneCOITests.xctest */;
			productType = "com.apple.product-type.bundle.unit-test";
		};
		D59989392F8D090600A5FA2D /* ZadanieRekrutacyjneCOIUITests */ = {
			isa = PBXNativeTarget;
			buildConfigurationList = D599894A2F8D090600A5FA2D /* Build configuration list for PBXNativeTarget "ZadanieRekrutacyjneCOIUITests" */;
			buildPhases = (
				D59989362F8D090600A5FA2D /* Sources */,
				D59989372F8D090600A5FA2D /* Frameworks */,
				D59989382F8D090600A5FA2D /* Resources */,
			);
			buildRules = (
			);
			dependencies = (
				D599893C2F8D090600A5FA2D /* PBXTargetDependency */,
			);
			name = ZadanieRekrutacyjneCOIUITests;
			packageProductDependencies = (
			);
			productName = ZadanieRekrutacyjneCOIUITests;
			productReference = D599893A2F8D090600A5FA2D /* ZadanieRekrutacyjneCOIUITests.xctest */;
			productType = "com.apple.product-type.bundle.ui-testing";
		};
/* End PBXNativeTarget section */

/* Begin PBXProject section */
		D599891B2F8D090400A5FA2D /* Project object */ = {
			isa = PBXProject;
			attributes = {
				BuildIndependentTargetsInParallel = 1;
				LastSwiftUpdateCheck = 2640;
				LastUpgradeCheck = 2640;
				TargetAttributes = {
					D59989222F8D090400A5FA2D = {
						CreatedOnToolsVersion = 26.4;
					};
					D599892F2F8D090600A5FA2D = {
						CreatedOnToolsVersion = 26.4;
						TestTargetID = D59989222F8D090400A5FA2D;
					};
					D59989392F8D090600A5FA2D = {
						CreatedOnToolsVersion = 26.4;
						TestTargetID = D59989222F8D090400A5FA2D;
					};
				};
			};
			buildConfigurationList = D599891E2F8D090400A5FA2D /* Build configuration list for PBXProject "ZadanieRekrutacyjneCOI" */;
			developmentRegion = en;
			hasScannedForEncodings = 0;
			knownRegions = (
				en,
				Base,
			);
			mainGroup = D599891A2F8D090400A5FA2D;
			minimizedProjectReferenceProxies = 1;
			packageReferences = (
				D599894D2F8D0A1B00A5FA2D /* XCRemoteSwiftPackageReference "swift-composable-architecture" */,
				D54D43012F92A06100549E65 /* XCRemoteSwiftPackageReference "swift-snapshot-testing" */,
			);
			preferredProjectObjectVersion = 77;
			productRefGroup = D59989242F8D090400A5FA2D /* Products */;
			projectDirPath = "";
			projectRoot = "";
			targets = (
				D59989222F8D090400A5FA2D /* ZadanieRekrutacyjneCOI */,
				D599892F2F8D090600A5FA2D /* ZadanieRekrutacyjneCOITests */,
				D59989392F8D090600A5FA2D /* ZadanieRekrutacyjneCOIUITests */,
			);
		};
/* End PBXProject section */

/* Begin PBXResourcesBuildPhase section */
		D59989212F8D090400A5FA2D /* Resources */ = {
			isa = PBXResourcesBuildPhase;
			buildActionMask = 2147483647;
			files = (
			);
			runOnlyForDeploymentPostprocessing = 0;
		};
		D599892E2F8D090600A5FA2D /* Resources */ = {
			isa = PBXResourcesBuildPhase;
			buildActionMask = 2147483647;
			files = (
			);
			runOnlyForDeploymentPostprocessing = 0;
		};
		D59989382F8D090600A5FA2D /* Resources */ = {
			isa = PBXResourcesBuildPhase;
			buildActionMask = 2147483647;
			files = (
			);
			runOnlyForDeploymentPostprocessing = 0;
		};
/* End PBXResourcesBuildPhase section */

/* Begin PBXSourcesBuildPhase section */
		D599891F2F8D090400A5FA2D /* Sources */ = {
			isa = PBXSourcesBuildPhase;
			buildActionMask = 2147483647;
			files = (
			);
			runOnlyForDeploymentPostprocessing = 0;
		};
		D599892C2F8D090600A5FA2D /* Sources */ = {
			isa = PBXSourcesBuildPhase;
			buildActionMask = 2147483647;
			files = (
			);
			runOnlyForDeploymentPostprocessing = 0;
		};
		D59989362F8D090600A5FA2D /* Sources */ = {
			isa = PBXSourcesBuildPhase;
			buildActionMask = 2147483647;
			files = (
			);
			runOnlyForDeploymentPostprocessing = 0;
		};
/* End PBXSourcesBuildPhase section */

/* Begin PBXTargetDependency section */
		D59989322F8D090600A5FA2D /* PBXTargetDependency */ = {
			isa = PBXTargetDependency;
			target = D59989222F8D090400A5FA2D /* ZadanieRekrutacyjneCOI */;
			targetProxy = D59989312F8D090600A5FA2D /* PBXContainerItemProxy */;
		};
		D599893C2F8D090600A5FA2D /* PBXTargetDependency */ = {
			isa = PBXTargetDependency;
			target = D59989222F8D090400A5FA2D /* ZadanieRekrutacyjneCOI */;
			targetProxy = D599893B2F8D090600A5FA2D /* PBXContainerItemProxy */;
		};
/* End PBXTargetDependency section */

/* Begin XCBuildConfiguration section */
		D59989422F8D090600A5FA2D /* Debug */ = {
			isa = XCBuildConfiguration;
			buildSettings = {
				ALWAYS_SEARCH_USER_PATHS = NO;
				ASSETCATALOG_COMPILER_GENERATE_SWIFT_ASSET_SYMBOL_EXTENSIONS = YES;
				CLANG_ANALYZER_NONNULL = YES;
				CLANG_ANALYZER_NUMBER_OBJECT_CONVERSION = YES_AGGRESSIVE;
				CLANG_CXX_LANGUAGE_STANDARD = "gnu++20";
				CLANG_ENABLE_MODULES = YES;
				CLANG_ENABLE_OBJC_ARC = YES;
				CLANG_ENABLE_OBJC_WEAK = YES;
				CLANG_WARN_BLOCK_CAPTURE_AUTORELEASING = YES;
				CLANG_WARN_BOOL_CONVERSION = YES;
				CLANG_WARN_COMMA = YES;
				CLANG_WARN_CONSTANT_CONVERSION = YES;
				CLANG_WARN_DEPRECATED_OBJC_IMPLEMENTATIONS = YES;
				CLANG_WARN_DIRECT_OBJC_ISA_USAGE = YES_ERROR;
				CLANG_WARN_DOCUMENTATION_COMMENTS = YES;
				CLANG_WARN_EMPTY_BODY = YES;
				CLANG_WARN_ENUM_CONVERSION = YES;
				CLANG_WARN_INFINITE_RECURSION = YES;
				CLANG_WARN_INT_CONVERSION = YES;
				CLANG_WARN_NON_LITERAL_NULL_CONVERSION = YES;
				CLANG_WARN_OBJC_IMPLICIT_RETAIN_SELF = YES;
				CLANG_WARN_OBJC_LITERAL_CONVERSION = YES;
				CLANG_WARN_OBJC_ROOT_CLASS = YES_ERROR;
				CLANG_WARN_QUOTED_INCLUDE_IN_FRAMEWORK_HEADER = YES;
				CLANG_WARN_RANGE_LOOP_ANALYSIS = YES;
				CLANG_WARN_STRICT_PROTOTYPES = YES;
				CLANG_WARN_SUSPICIOUS_MOVE = YES;
				CLANG_WARN_UNGUARDED_AVAILABILITY = YES_AGGRESSIVE;
				CLANG_WARN_UNREACHABLE_CODE = YES;
				CLANG_WARN__DUPLICATE_METHOD_MATCH = YES;
				COPY_PHASE_STRIP = NO;
				DEBUG_INFORMATION_FORMAT = dwarf;
				DEVELOPMENT_TEAM = 5G2JJGKDVY;
				ENABLE_STRICT_OBJC_MSGSEND = YES;
				ENABLE_TESTABILITY = YES;
				ENABLE_USER_SCRIPT_SANDBOXING = YES;
				GCC_C_LANGUAGE_STANDARD = gnu17;
				GCC_DYNAMIC_NO_PIC = NO;
				GCC_NO_COMMON_BLOCKS = YES;
				GCC_OPTIMIZATION_LEVEL = 0;
				GCC_PREPROCESSOR_DEFINITIONS = (
					"DEBUG=1",
					"$(inherited)",
				);
				GCC_WARN_64_TO_32_BIT_CONVERSION = YES;
				GCC_WARN_ABOUT_RETURN_TYPE = YES_ERROR;
				GCC_WARN_UNDECLARED_SELECTOR = YES;
				GCC_WARN_UNINITIALIZED_AUTOS = YES_AGGRESSIVE;
				GCC_WARN_UNUSED_FUNCTION = YES;
				GCC_WARN_UNUSED_VARIABLE = YES;
				IPHONEOS_DEPLOYMENT_TARGET = 26.4;
				LOCALIZATION_PREFERS_STRING_CATALOGS = YES;
				MTL_ENABLE_DEBUG_INFO = INCLUDE_SOURCE;
				MTL_FAST_MATH = YES;
				ONLY_ACTIVE_ARCH = YES;
				SDKROOT = iphoneos;
				SWIFT_ACTIVE_COMPILATION_CONDITIONS = "DEBUG $(inherited)";
				SWIFT_OPTIMIZATION_LEVEL = "-Onone";
			};
			name = Debug;
		};
		D59989432F8D090600A5FA2D /* Release */ = {
			isa = XCBuildConfiguration;
			buildSettings = {
				ALWAYS_SEARCH_USER_PATHS = NO;
				ASSETCATALOG_COMPILER_GENERATE_SWIFT_ASSET_SYMBOL_EXTENSIONS = YES;
				CLANG_ANALYZER_NONNULL = YES;
				CLANG_ANALYZER_NUMBER_OBJECT_CONVERSION = YES_AGGRESSIVE;
				CLANG_CXX_LANGUAGE_STANDARD = "gnu++20";
				CLANG_ENABLE_MODULES = YES;
				CLANG_ENABLE_OBJC_ARC = YES;
				CLANG_ENABLE_OBJC_WEAK = YES;
				CLANG_WARN_BLOCK_CAPTURE_AUTORELEASING = YES;
				CLANG_WARN_BOOL_CONVERSION = YES;
				CLANG_WARN_COMMA = YES;
				CLANG_WARN_CONSTANT_CONVERSION = YES;
				CLANG_WARN_DEPRECATED_OBJC_IMPLEMENTATIONS = YES;
				CLANG_WARN_DIRECT_OBJC_ISA_USAGE = YES_ERROR;
				CLANG_WARN_DOCUMENTATION_COMMENTS = YES;
				CLANG_WARN_EMPTY_BODY = YES;
				CLANG_WARN_ENUM_CONVERSION = YES;
				CLANG_WARN_INFINITE_RECURSION = YES;
				CLANG_WARN_INT_CONVERSION = YES;
				CLANG_WARN_NON_LITERAL_NULL_CONVERSION = YES;
				CLANG_WARN_OBJC_IMPLICIT_RETAIN_SELF = YES;
				CLANG_WARN_OBJC_LITERAL_CONVERSION = YES;
				CLANG_WARN_OBJC_ROOT_CLASS = YES_ERROR;
				CLANG_WARN_QUOTED_INCLUDE_IN_FRAMEWORK_HEADER = YES;
				CLANG_WARN_RANGE_LOOP_ANALYSIS = YES;
				CLANG_WARN_STRICT_PROTOTYPES = YES;
				CLANG_WARN_SUSPICIOUS_MOVE = YES;
				CLANG_WARN_UNGUARDED_AVAILABILITY = YES_AGGRESSIVE;
				CLANG_WARN_UNREACHABLE_CODE = YES;
				CLANG_WARN__DUPLICATE_METHOD_MATCH = YES;
				COPY_PHASE_STRIP = NO;
				DEBUG_INFORMATION_FORMAT = "dwarf-with-dsym";
				DEVELOPMENT_TEAM = 5G2JJGKDVY;
				ENABLE_NS_ASSERTIONS = NO;
				ENABLE_STRICT_OBJC_MSGSEND = YES;
				ENABLE_USER_SCRIPT_SANDBOXING = YES;
				GCC_C_LANGUAGE_STANDARD = gnu17;
				GCC_NO_COMMON_BLOCKS = YES;
				GCC_WARN_64_TO_32_BIT_CONVERSION = YES;
				GCC_WARN_ABOUT_RETURN_TYPE = YES_ERROR;
				GCC_WARN_UNDECLARED_SELECTOR = YES;
				GCC_WARN_UNINITIALIZED_AUTOS = YES_AGGRESSIVE;
				GCC_WARN_UNUSED_FUNCTION = YES;
				GCC_WARN_UNUSED_VARIABLE = YES;
				IPHONEOS_DEPLOYMENT_TARGET = 26.4;
				LOCALIZATION_PREFERS_STRING_CATALOGS = YES;
				MTL_ENABLE_DEBUG_INFO = NO;
				MTL_FAST_MATH = YES;
				SDKROOT = iphoneos;
				SWIFT_COMPILATION_MODE = wholemodule;
				VALIDATE_PRODUCT = YES;
			};
			name = Release;
		};
		D59989452F8D090600A5FA2D /* Debug */ = {
			isa = XCBuildConfiguration;
			buildSettings = {
				ASSETCATALOG_COMPILER_APPICON_NAME = AppIcon;
				ASSETCATALOG_COMPILER_GLOBAL_ACCENT_COLOR_NAME = AccentColor;
				CODE_SIGN_STYLE = Automatic;
				CURRENT_PROJECT_VERSION = 1;
				DEVELOPMENT_TEAM = 5G2JJGKDVY;
				ENABLE_PREVIEWS = YES;
				GENERATE_INFOPLIST_FILE = YES;
				INFOPLIST_KEY_UIApplicationSceneManifest_Generation = YES;
				INFOPLIST_KEY_UIApplicationSupportsIndirectInputEvents = YES;
				INFOPLIST_KEY_UILaunchScreen_Generation = YES;
				INFOPLIST_KEY_UISupportedInterfaceOrientations_iPad = "UIInterfaceOrientationPortrait UIInterfaceOrientationPortraitUpsideDown UIInterfaceOrientationLandscapeLeft UIInterfaceOrientationLandscapeRight";
				INFOPLIST_KEY_UISupportedInterfaceOrientations_iPhone = "UIInterfaceOrientationPortrait UIInterfaceOrientationLandscapeLeft UIInterfaceOrientationLandscapeRight";
				IPHONEOS_DEPLOYMENT_TARGET = 18.0;
				LD_RUNPATH_SEARCH_PATHS = (
					"$(inherited)",
					"@executable_path/Frameworks",
				);
				MARKETING_VERSION = 1.0;
				PRODUCT_BUNDLE_IDENTIFIER = FSTech.ZadanieRekrutacyjneCOI;
				PRODUCT_NAME = "$(TARGET_NAME)";
				STRING_CATALOG_GENERATE_SYMBOLS = YES;
				SUPPORTED_PLATFORMS = "iphoneos iphonesimulator";
				SUPPORTS_MACCATALYST = NO;
				SUPPORTS_MAC_DESIGNED_FOR_IPHONE_IPAD = NO;
				SUPPORTS_XR_DESIGNED_FOR_IPHONE_IPAD = NO;
				SWIFT_APPROACHABLE_CONCURRENCY = YES;
				SWIFT_DEFAULT_ACTOR_ISOLATION = MainActor;
				SWIFT_EMIT_LOC_STRINGS = YES;
				SWIFT_UPCOMING_FEATURE_MEMBER_IMPORT_VISIBILITY = YES;
				SWIFT_VERSION = 5.0;
				TARGETED_DEVICE_FAMILY = 1;
			};
			name = Debug;
		};
		D59989462F8D090600A5FA2D /* Release */ = {
			isa = XCBuildConfiguration;
			buildSettings = {
				ASSETCATALOG_COMPILER_APPICON_NAME = AppIcon;
				ASSETCATALOG_COMPILER_GLOBAL_ACCENT_COLOR_NAME = AccentColor;
				CODE_SIGN_STYLE = Automatic;
				CURRENT_PROJECT_VERSION = 1;
				DEVELOPMENT_TEAM = 5G2JJGKDVY;
				ENABLE_PREVIEWS = YES;
				GENERATE_INFOPLIST_FILE = YES;
				INFOPLIST_KEY_UIApplicationSceneManifest_Generation = YES;
				INFOPLIST_KEY_UIApplicationSupportsIndirectInputEvents = YES;
				INFOPLIST_KEY_UILaunchScreen_Generation = YES;
				INFOPLIST_KEY_UISupportedInterfaceOrientations_iPad = "UIInterfaceOrientationPortrait UIInterfaceOrientationPortraitUpsideDown UIInterfaceOrientationLandscapeLeft UIInterfaceOrientationLandscapeRight";
				INFOPLIST_KEY_UISupportedInterfaceOrientations_iPhone = "UIInterfaceOrientationPortrait UIInterfaceOrientationLandscapeLeft UIInterfaceOrientationLandscapeRight";
				IPHONEOS_DEPLOYMENT_TARGET = 18.0;
				LD_RUNPATH_SEARCH_PATHS = (
					"$(inherited)",
					"@executable_path/Frameworks",
				);
				MARKETING_VERSION = 1.0;
				PRODUCT_BUNDLE_IDENTIFIER = FSTech.ZadanieRekrutacyjneCOI;
				PRODUCT_NAME = "$(TARGET_NAME)";
				STRING_CATALOG_GENERATE_SYMBOLS = YES;
				SUPPORTED_PLATFORMS = "iphoneos iphonesimulator";
				SUPPORTS_MACCATALYST = NO;
				SUPPORTS_MAC_DESIGNED_FOR_IPHONE_IPAD = NO;
				SUPPORTS_XR_DESIGNED_FOR_IPHONE_IPAD = NO;
				SWIFT_APPROACHABLE_CONCURRENCY = YES;
				SWIFT_DEFAULT_ACTOR_ISOLATION = MainActor;
				SWIFT_EMIT_LOC_STRINGS = YES;
				SWIFT_UPCOMING_FEATURE_MEMBER_IMPORT_VISIBILITY = YES;
				SWIFT_VERSION = 5.0;
				TARGETED_DEVICE_FAMILY = 1;
			};
			name = Release;
		};
		D59989482F8D090600A5FA2D /* Debug */ = {
			isa = XCBuildConfiguration;
			buildSettings = {
				BUNDLE_LOADER = "$(TEST_HOST)";
				CODE_SIGN_STYLE = Automatic;
				CURRENT_PROJECT_VERSION = 1;
				DEVELOPMENT_TEAM = 5G2JJGKDVY;
				GENERATE_INFOPLIST_FILE = YES;
				IPHONEOS_DEPLOYMENT_TARGET = 26.4;
				MARKETING_VERSION = 1.0;
				PRODUCT_BUNDLE_IDENTIFIER = FSTech.ZadanieRekrutacyjneCOITests;
				PRODUCT_NAME = "$(TARGET_NAME)";
				STRING_CATALOG_GENERATE_SYMBOLS = NO;
				SWIFT_APPROACHABLE_CONCURRENCY = YES;
				SWIFT_EMIT_LOC_STRINGS = NO;
				SWIFT_UPCOMING_FEATURE_MEMBER_IMPORT_VISIBILITY = YES;
				SWIFT_VERSION = 5.0;
				TARGETED_DEVICE_FAMILY = "1,2";
				TEST_HOST = "$(BUILT_PRODUCTS_DIR)/ZadanieRekrutacyjneCOI.app/$(BUNDLE_EXECUTABLE_FOLDER_PATH)/ZadanieRekrutacyjneCOI";
			};
			name = Debug;
		};
		D59989492F8D090600A5FA2D /* Release */ = {
			isa = XCBuildConfiguration;
			buildSettings = {
				BUNDLE_LOADER = "$(TEST_HOST)";
				CODE_SIGN_STYLE = Automatic;
				CURRENT_PROJECT_VERSION = 1;
				DEVELOPMENT_TEAM = 5G2JJGKDVY;
				GENERATE_INFOPLIST_FILE = YES;
				IPHONEOS_DEPLOYMENT_TARGET = 26.4;
				MARKETING_VERSION = 1.0;
				PRODUCT_BUNDLE_IDENTIFIER = FSTech.ZadanieRekrutacyjneCOITests;
				PRODUCT_NAME = "$(TARGET_NAME)";
				STRING_CATALOG_GENERATE_SYMBOLS = NO;
				SWIFT_APPROACHABLE_CONCURRENCY = YES;
				SWIFT_EMIT_LOC_STRINGS = NO;
				SWIFT_UPCOMING_FEATURE_MEMBER_IMPORT_VISIBILITY = YES;
				SWIFT_VERSION = 5.0;
				TARGETED_DEVICE_FAMILY = "1,2";
				TEST_HOST = "$(BUILT_PRODUCTS_DIR)/ZadanieRekrutacyjneCOI.app/$(BUNDLE_EXECUTABLE_FOLDER_PATH)/ZadanieRekrutacyjneCOI";
			};
			name = Release;
		};
		D599894B2F8D090600A5FA2D /* Debug */ = {
			isa = XCBuildConfiguration;
			buildSettings = {
				CODE_SIGN_STYLE = Automatic;
				CURRENT_PROJECT_VERSION = 1;
				DEVELOPMENT_TEAM = 5G2JJGKDVY;
				GENERATE_INFOPLIST_FILE = YES;
				MARKETING_VERSION = 1.0;
				PRODUCT_BUNDLE_IDENTIFIER = FSTech.ZadanieRekrutacyjneCOIUITests;
				PRODUCT_NAME = "$(TARGET_NAME)";
				STRING_CATALOG_GENERATE_SYMBOLS = NO;
				SWIFT_APPROACHABLE_CONCURRENCY = YES;
				SWIFT_EMIT_LOC_STRINGS = NO;
				SWIFT_UPCOMING_FEATURE_MEMBER_IMPORT_VISIBILITY = YES;
				SWIFT_VERSION = 5.0;
				TARGETED_DEVICE_FAMILY = "1,2";
				TEST_TARGET_NAME = ZadanieRekrutacyjneCOI;
			};
			name = Debug;
		};
		D599894C2F8D090600A5FA2D /* Release */ = {
			isa = XCBuildConfiguration;
			buildSettings = {
				CODE_SIGN_STYLE = Automatic;
				CURRENT_PROJECT_VERSION = 1;
				DEVELOPMENT_TEAM = 5G2JJGKDVY;
				GENERATE_INFOPLIST_FILE = YES;
				MARKETING_VERSION = 1.0;
				PRODUCT_BUNDLE_IDENTIFIER = FSTech.ZadanieRekrutacyjneCOIUITests;
				PRODUCT_NAME = "$(TARGET_NAME)";
				STRING_CATALOG_GENERATE_SYMBOLS = NO;
				SWIFT_APPROACHABLE_CONCURRENCY = YES;
				SWIFT_EMIT_LOC_STRINGS = NO;
				SWIFT_UPCOMING_FEATURE_MEMBER_IMPORT_VISIBILITY = YES;
				SWIFT_VERSION = 5.0;
				TARGETED_DEVICE_FAMILY = "1,2";
				TEST_TARGET_NAME = ZadanieRekrutacyjneCOI;
			};
			name = Release;
		};
/* End XCBuildConfiguration section */

/* Begin XCConfigurationList section */
		D599891E2F8D090400A5FA2D /* Build configuration list for PBXProject "ZadanieRekrutacyjneCOI" */ = {
			isa = XCConfigurationList;
			buildConfigurations = (
				D59989422F8D090600A5FA2D /* Debug */,
				D59989432F8D090600A5FA2D /* Release */,
			);
			defaultConfigurationIsVisible = 0;
			defaultConfigurationName = Release;
		};
		D59989442F8D090600A5FA2D /* Build configuration list for PBXNativeTarget "ZadanieRekrutacyjneCOI" */ = {
			isa = XCConfigurationList;
			buildConfigurations = (
				D59989452F8D090600A5FA2D /* Debug */,
				D59989462F8D090600A5FA2D /* Release */,
			);
			defaultConfigurationIsVisible = 0;
			defaultConfigurationName = Release;
		};
		D59989472F8D090600A5FA2D /* Build configuration list for PBXNativeTarget "ZadanieRekrutacyjneCOITests" */ = {
			isa = XCConfigurationList;
			buildConfigurations = (
				D59989482F8D090600A5FA2D /* Debug */,
				D59989492F8D090600A5FA2D /* Release */,
			);
			defaultConfigurationIsVisible = 0;
			defaultConfigurationName = Release;
		};
		D599894A2F8D090600A5FA2D /* Build configuration list for PBXNativeTarget "ZadanieRekrutacyjneCOIUITests" */ = {
			isa = XCConfigurationList;
			buildConfigurations = (
				D599894B2F8D090600A5FA2D /* Debug */,
				D599894C2F8D090600A5FA2D /* Release */,
			);
			defaultConfigurationIsVisible = 0;
			defaultConfigurationName = Release;
		};
/* End XCConfigurationList section */

/* Begin XCRemoteSwiftPackageReference section */
		D54D43012F92A06100549E65 /* XCRemoteSwiftPackageReference "swift-snapshot-testing" */ = {
			isa = XCRemoteSwiftPackageReference;
			repositoryURL = "https://github.com/pointfreeco/swift-snapshot-testing.git";
			requirement = {
				kind = upToNextMajorVersion;
				minimumVersion = 1.19.2;
			};
		};
		D599894D2F8D0A1B00A5FA2D /* XCRemoteSwiftPackageReference "swift-composable-architecture" */ = {
			isa = XCRemoteSwiftPackageReference;
			repositoryURL = "https://github.com/pointfreeco/swift-composable-architecture";
			requirement = {
				kind = upToNextMajorVersion;
				minimumVersion = 1.25.5;
			};
		};
/* End XCRemoteSwiftPackageReference section */

/* Begin XCSwiftPackageProductDependency section */
		D54D43022F92A06100549E65 /* InlineSnapshotTesting */ = {
			isa = XCSwiftPackageProductDependency;
			package = D54D43012F92A06100549E65 /* XCRemoteSwiftPackageReference "swift-snapshot-testing" */;
			productName = InlineSnapshotTesting;
		};
		D54D43042F92A06100549E65 /* SnapshotTesting */ = {
			isa = XCSwiftPackageProductDependency;
			package = D54D43012F92A06100549E65 /* XCRemoteSwiftPackageReference "swift-snapshot-testing" */;
			productName = SnapshotTesting;
		};
		D54D43062F92A06100549E65 /* SnapshotTestingCustomDump */ = {
			isa = XCSwiftPackageProductDependency;
			package = D54D43012F92A06100549E65 /* XCRemoteSwiftPackageReference "swift-snapshot-testing" */;
			productName = SnapshotTestingCustomDump;
		};
		D599895F2F8D261700A5FA2D /* ComposableArchitecture */ = {
			isa = XCSwiftPackageProductDependency;
			package = D599894D2F8D0A1B00A5FA2D /* XCRemoteSwiftPackageReference "swift-composable-architecture" */;
			productName = ComposableArchitecture;
		};
/* End XCSwiftPackageProductDependency section */
	};
	rootObject = D599891B2F8D090400A5FA2D /* Project object */;
}
